
Microsoft Visual Studio Solution File, Format Version 12.00
# Visual Studio Version 17
VisualStudioVersion = 17.0.32014.148
MinimumVisualStudioVersion = 10.0.40219.1
Project("{FAE04EC0-301F-11D3-BF4B-00C04F79EFBC}") = "rabcrClient", "rabcrClient\rabcrClient.csproj", "{B0E7EE60-C50B-43B6-8CD2-2A5B6D87E15E}"
EndProject
Global
	GlobalSection(SolutionConfigurationPlatforms) = preSolution
		Debug|x64 = Debug|x64
		Debug|x86 = Debug|x86
		Release|x64 = Release|x64
		Release|x86 = Release|x86
	EndGlobalSection
	GlobalSection(ProjectConfigurationPlatforms) = postSolution
		{B0E7EE60-C50B-43B6-8CD2-2A5B6D87E15E}.Debug|x64.ActiveCfg = Debug|x86
		{B0E7EE60-C50B-43B6-8CD2-2A5B6D87E15E}.Debug|x64.Build.0 = Debug|x86
		{B0E7EE60-C50B-43B6-8CD2-2A5B6D87E15E}.Debug|x86.ActiveCfg = Debug|x86
		{B0E7EE60-C50B-43B6-8CD2-2A5B6D87E15E}.Debug|x86.Build.0 = Debug|x86
		{B0E7EE60-C50B-43B6-8CD2-2A5B6D87E15E}.Release|x64.ActiveCfg = Release|x86
		{B0E7EE60-C50B-43B6-8CD2-2A5B6D87E15E}.Release|x64.Build.0 = Release|x86
		{B0E7EE60-C50B-43B6-8CD2-2A5B6D87E15E}.Release|x86.ActiveCfg = Release|x86
		{B0E7EE60-C50B-43B6-8CD2-2A5B6D87E15E}.Release|x86.Build.0 = Release|x86
	EndGlobalSection
	GlobalSection(SolutionProperties) = preSolution
		HideSolutionNode = FALSE
	EndGlobalSection
	GlobalSection(ExtensibilityGlobals) = postSolution
		SolutionGuid = {AE4C8731-75CF-49E4-B35E-A4CFFCF58753}
	EndGlobalSection
EndGlobal
